// !$*UTF8*$!
{
	archiveVersion = 1;
	classes = {
	};
	objectVersion = 56;
	objects = {

/* Begin PBXBuildFile section */
		8DB51CF528F9F596004CA34C /* AppDelegate.swift in Sources */ = {isa = PBXBuildFile; fileRef = 8DB51CF428F9F596004CA34C /* AppDelegate.swift */; };
		8DB51CF728F9F596004CA34C /* SceneDelegate.swift in Sources */ = {isa = PBXBuildFile; fileRef = 8DB51CF628F9F596004CA34C /* SceneDelegate.swift */; };
		8DB51CF928F9F596004CA34C /* HomeViewController.swift in Sources */ = {isa = PBXBuildFile; fileRef = 8DB51CF828F9F596004CA34C /* HomeViewController.swift */; };
		8DB51CFC28F9F596004CA34C /* Main.storyboard in Resources */ = {isa = PBXBuildFile; fileRef = 8DB51CFA28F9F596004CA34C /* Main.storyboard */; };
		8DB51CFE28F9F598004CA34C /* Assets.xcassets in Resources */ = {isa = PBXBuildFile; fileRef = 8DB51CFD28F9F598004CA34C /* Assets.xcassets */; };
		8DB51D0128F9F598004CA34C /* LaunchScreen.storyboard in Resources */ = {isa = PBXBuildFile; fileRef = 8DB51CFF28F9F598004CA34C /* LaunchScreen.storyboard */; };
		8DB51D0A28F9F66E004CA34C /* CustomTableViewCell.swift in Sources */ = {isa = PBXBuildFile; fileRef = 8DB51D0828F9F66E004CA34C /* CustomTableViewCell.swift */; };
		8DB51D0B28F9F66E004CA34C /* CustomTableViewCell.xib in Resources */ = {isa = PBXBuildFile; fileRef = 8DB51D0928F9F66E004CA34C /* CustomTableViewCell.xib */; };
		F322DE2029280F29006066D3 /* ViewController.swift in Sources */ = {isa = PBXBuildFile; fileRef = F322DE1D29280F29006066D3 /* ViewController.swift */; };
		F322DE2129280F29006066D3 /* LoginScreen.swift in Sources */ = {isa = PBXBuildFile; fileRef = F322DE1F29280F29006066D3 /* LoginScreen.swift */; };
		F32893952906ABB100EA00CA /* EventModel.xcdatamodeld in Sources */ = {isa = PBXBuildFile; fileRef = F32893932906ABB100EA00CA /* EventModel.xcdatamodeld */; };
		F328939D2906B8BF00EA00CA /* EventItem+CoreDataClass.swift in Sources */ = {isa = PBXBuildFile; fileRef = F328939B2906B8BF00EA00CA /* EventItem+CoreDataClass.swift */; };
		F328939E2906B8BF00EA00CA /* EventItem+CoreDataProperties.swift in Sources */ = {isa = PBXBuildFile; fileRef = F328939C2906B8BF00EA00CA /* EventItem+CoreDataProperties.swift */; };
		F36B1AC428FEF4D900DA20C5 /* DetailViewController.swift in Sources */ = {isa = PBXBuildFile; fileRef = F36B1AC328FEF4D900DA20C5 /* DetailViewController.swift */; };
		F36CD93A291D342000F06CAF /* Event.swift in Sources */ = {isa = PBXBuildFile; fileRef = F36CD939291D342000F06CAF /* Event.swift */; };
		F36CD93C291D35EF00F06CAF /* EventService.swift in Sources */ = {isa = PBXBuildFile; fileRef = F36CD93B291D35EF00F06CAF /* EventService.swift */; };
		F3CFBBFB2916BAED00F15E47 /* Alamofire in Frameworks */ = {isa = PBXBuildFile; productRef = F3CFBBFA2916BAED00F15E47 /* Alamofire */; };
/* End PBXBuildFile section */

/* Begin PBXFileReference section */
		8DB51CF128F9F596004CA34C /* Diabetes Control.app */ = {isa = PBXFileReference; explicitFileType = wrapper.application; includeInIndex = 0; path = "Diabetes Control.app"; sourceTree = BUILT_PRODUCTS_DIR; };
		8DB51CF428F9F596004CA34C /* AppDelegate.swift */ = {isa = PBXFileReference; lastKnownFileType = sourcecode.swift; path = AppDelegate.swift; sourceTree = "<group>"; };
		8DB51CF628F9F596004CA34C /* SceneDelegate.swift */ = {isa = PBXFileReference; lastKnownFileType = sourcecode.swift; path = SceneDelegate.swift; sourceTree = "<group>"; };
		8DB51CF828F9F596004CA34C /* HomeViewController.swift */ = {isa = PBXFileReference; lastKnownFileType = sourcecode.swift; path = HomeViewController.swift; sourceTree = "<group>"; };
		8DB51CFB28F9F596004CA34C /* Base */ = {isa = PBXFileReference; lastKnownFileType = file.storyboard; name = Base; path = Base.lproj/Main.storyboard; sourceTree = "<group>"; };
		8DB51CFD28F9F598004CA34C /* Assets.xcassets */ = {isa = PBXFileReference; lastKnownFileType = folder.assetcatalog; path = Assets.xcassets; sourceTree = "<group>"; };
		8DB51D0028F9F598004CA34C /* Base */ = {isa = PBXFileReference; lastKnownFileType = file.storyboard; name = Base; path = Base.lproj/LaunchScreen.storyboard; sourceTree = "<group>"; };
		8DB51D0228F9F598004CA34C /* Info.plist */ = {isa = PBXFileReference; lastKnownFileType = text.plist.xml; path = Info.plist; sourceTree = "<group>"; };
		8DB51D0828F9F66E004CA34C /* CustomTableViewCell.swift */ = {isa = PBXFileReference; lastKnownFileType = sourcecode.swift; path = CustomTableViewCell.swift; sourceTree = "<group>"; };
		8DB51D0928F9F66E004CA34C /* CustomTableViewCell.xib */ = {isa = PBXFileReference; lastKnownFileType = file.xib; path = CustomTableViewCell.xib; sourceTree = "<group>"; };
		F322DE1D29280F29006066D3 /* ViewController.swift */ = {isa = PBXFileReference; fileEncoding = 4; lastKnownFileType = sourcecode.swift; path = ViewController.swift; sourceTree = "<group>"; };
		F322DE1F29280F29006066D3 /* LoginScreen.swift */ = {isa = PBXFileReference; fileEncoding = 4; lastKnownFileType = sourcecode.swift; path = LoginScreen.swift; sourceTree = "<group>"; };
		F32893942906ABB100EA00CA /* EventModel.xcdatamodel */ = {isa = PBXFileReference; lastKnownFileType = wrapper.xcdatamodel; path = EventModel.xcdatamodel; sourceTree = "<group>"; };
		F328939B2906B8BF00EA00CA /* EventItem+CoreDataClass.swift */ = {isa = PBXFileReference; lastKnownFileType = sourcecode.swift; path = "EventItem+CoreDataClass.swift"; sourceTree = "<group>"; };
		F328939C2906B8BF00EA00CA /* EventItem+CoreDataProperties.swift */ = {isa = PBXFileReference; lastKnownFileType = sourcecode.swift; path = "EventItem+CoreDataProperties.swift"; sourceTree = "<group>"; };
		F36B1AC328FEF4D900DA20C5 /* DetailViewController.swift */ = {isa = PBXFileReference; lastKnownFileType = sourcecode.swift; path = DetailViewController.swift; sourceTree = "<group>"; };
		F36CD939291D342000F06CAF /* Event.swift */ = {isa = PBXFileReference; lastKnownFileType = sourcecode.swift; path = Event.swift; sourceTree = "<group>"; };
		F36CD93B291D35EF00F06CAF /* EventService.swift */ = {isa = PBXFileReference; lastKnownFileType = sourcecode.swift; path = EventService.swift; sourceTree = "<group>"; };
/* End PBXFileReference section */

/* Begin PBXFrameworksBuildPhase section */
		8DB51CEE28F9F596004CA34C /* Frameworks */ = {
			isa = PBXFrameworksBuildPhase;
			buildActionMask = 2147483647;
			files = (
				F3CFBBFB2916BAED00F15E47 /* Alamofire in Frameworks */,
			);
			runOnlyForDeploymentPostprocessing = 0;
		};
/* End PBXFrameworksBuildPhase section */

/* Begin PBXGroup section */
		8DB51CE828F9F596004CA34C = {
			isa = PBXGroup;
			children = (
				8DB51CF328F9F596004CA34C /* Diabetes Control */,
				8DB51CF228F9F596004CA34C /* Products */,
			);
			sourceTree = "<group>";
		};
		8DB51CF228F9F596004CA34C /* Products */ = {
			isa = PBXGroup;
			children = (
				8DB51CF128F9F596004CA34C /* Diabetes Control.app */,
			);
			name = Products;
			sourceTree = "<group>";
		};
		8DB51CF328F9F596004CA34C /* Diabetes Control */ = {
			isa = PBXGroup;
			children = (
				F322DE1B29280F29006066D3 /* Login */,
				F328939F2906B8D100EA00CA /* Entity */,
				8DB51CF428F9F596004CA34C /* AppDelegate.swift */,
				8DB51CF628F9F596004CA34C /* SceneDelegate.swift */,
				8DB51CF828F9F596004CA34C /* HomeViewController.swift */,
				F36B1AC328FEF4D900DA20C5 /* DetailViewController.swift */,
				8DB51D0828F9F66E004CA34C /* CustomTableViewCell.swift */,
				F36CD93B291D35EF00F06CAF /* EventService.swift */,
				8DB51CFA28F9F596004CA34C /* Main.storyboard */,
				8DB51CFD28F9F598004CA34C /* Assets.xcassets */,
				8DB51CFF28F9F598004CA34C /* LaunchScreen.storyboard */,
				8DB51D0228F9F598004CA34C /* Info.plist */,
				8DB51D0928F9F66E004CA34C /* CustomTableViewCell.xib */,
				F36CD938291D340500F06CAF /* Model */,
				F32893932906ABB100EA00CA /* EventModel.xcdatamodeld */,
			);
			path = "Diabetes Control";
			sourceTree = "<group>";
		};
		F322DE1B29280F29006066D3 /* Login */ = {
			isa = PBXGroup;
			children = (
				F322DE1C29280F29006066D3 /* VC */,
				F322DE1E29280F29006066D3 /* Screen */,
			);
			path = Login;
			sourceTree = "<group>";
		};
		F322DE1C29280F29006066D3 /* VC */ = {
			isa = PBXGroup;
			children = (
				F322DE1D29280F29006066D3 /* ViewController.swift */,
			);
			path = VC;
			sourceTree = "<group>";
		};
		F322DE1E29280F29006066D3 /* Screen */ = {
			isa = PBXGroup;
			children = (
				F322DE1F29280F29006066D3 /* LoginScreen.swift */,
			);
			path = Screen;
			sourceTree = "<group>";
		};
		F328939F2906B8D100EA00CA /* Entity */ = {
			isa = PBXGroup;
			children = (
				F328939B2906B8BF00EA00CA /* EventItem+CoreDataClass.swift */,
				F328939C2906B8BF00EA00CA /* EventItem+CoreDataProperties.swift */,
			);
			path = Entity;
			sourceTree = "<group>";
		};
		F36CD938291D340500F06CAF /* Model */ = {
			isa = PBXGroup;
			children = (
				F36CD939291D342000F06CAF /* Event.swift */,
			);
			path = Model;
			sourceTree = "<group>";
		};
/* End PBXGroup section */

/* Begin PBXNativeTarget section */
		8DB51CF028F9F596004CA34C /* Diabetes Control */ = {
			isa = PBXNativeTarget;
			buildConfigurationList = 8DB51D0528F9F598004CA34C /* Build configuration list for PBXNativeTarget "Diabetes Control" */;
			buildPhases = (
				8DB51CED28F9F596004CA34C /* Sources */,
				8DB51CEE28F9F596004CA34C /* Frameworks */,
				8DB51CEF28F9F596004CA34C /* Resources */,
			);
			buildRules = (
			);
			dependencies = (
			);
			name = "Diabetes Control";
			packageProductDependencies = (
				F3CFBBFA2916BAED00F15E47 /* Alamofire */,
			);
			productName = "Diabetes Control";
			productReference = 8DB51CF128F9F596004CA34C /* Diabetes Control.app */;
			productType = "com.apple.product-type.application";
		};
/* End PBXNativeTarget section */

/* Begin PBXProject section */
		8DB51CE928F9F596004CA34C /* Project object */ = {
			isa = PBXProject;
			attributes = {
				BuildIndependentTargetsInParallel = 1;
				LastSwiftUpdateCheck = 1400;
				LastUpgradeCheck = 1400;
				TargetAttributes = {
					8DB51CF028F9F596004CA34C = {
						CreatedOnToolsVersion = 14.0.1;
					};
				};
			};
			buildConfigurationList = 8DB51CEC28F9F596004CA34C /* Build configuration list for PBXProject "Diabetes Control" */;
			compatibilityVersion = "Xcode 14.0";
			developmentRegion = en;
			hasScannedForEncodings = 0;
			knownRegions = (
				en,
				Base,
			);
			mainGroup = 8DB51CE828F9F596004CA34C;
			packageReferences = (
				F3CFBBF92916BAED00F15E47 /* XCRemoteSwiftPackageReference "Alamofire" */,
			);
			productRefGroup = 8DB51CF228F9F596004CA34C /* Products */;
			projectDirPath = "";
			projectRoot = "";
			targets = (
				8DB51CF028F9F596004CA34C /* Diabetes Control */,
			);
		};
/* End PBXProject section */

/* Begin PBXResourcesBuildPhase section */
		8DB51CEF28F9F596004CA34C /* Resources */ = {
			isa = PBXResourcesBuildPhase;
			buildActionMask = 2147483647;
			files = (
				8DB51D0128F9F598004CA34C /* LaunchScreen.storyboard in Resources */,
				8DB51CFE28F9F598004CA34C /* Assets.xcassets in Resources */,
				8DB51D0B28F9F66E004CA34C /* CustomTableViewCell.xib in Resources */,
				8DB51CFC28F9F596004CA34C /* Main.storyboard in Resources */,
			);
			runOnlyForDeploymentPostprocessing = 0;
		};
/* End PBXResourcesBuildPhase section */

/* Begin PBXSourcesBuildPhase section */
		8DB51CED28F9F596004CA34C /* Sources */ = {
			isa = PBXSourcesBuildPhase;
			buildActionMask = 2147483647;
			files = (
				8DB51CF928F9F596004CA34C /* HomeViewController.swift in Sources */,
				F36CD93A291D342000F06CAF /* Event.swift in Sources */,
				F32893952906ABB100EA00CA /* EventModel.xcdatamodeld in Sources */,
				F328939E2906B8BF00EA00CA /* EventItem+CoreDataProperties.swift in Sources */,
				F322DE2029280F29006066D3 /* ViewController.swift in Sources */,
				F322DE2129280F29006066D3 /* LoginScreen.swift in Sources */,
				8DB51CF528F9F596004CA34C /* AppDelegate.swift in Sources */,
				F36B1AC428FEF4D900DA20C5 /* DetailViewController.swift in Sources */,
				F328939D2906B8BF00EA00CA /* EventItem+CoreDataClass.swift in Sources */,
				8DB51D0A28F9F66E004CA34C /* CustomTableViewCell.swift in Sources */,
				F36CD93C291D35EF00F06CAF /* EventService.swift in Sources */,
				8DB51CF728F9F596004CA34C /* SceneDelegate.swift in Sources */,
			);
			runOnlyForDeploymentPostprocessing = 0;
		};
/* End PBXSourcesBuildPhase section */

/* Begin PBXVariantGroup section */
		8DB51CFA28F9F596004CA34C /* Main.storyboard */ = {
			isa = PBXVariantGroup;
			children = (
				8DB51CFB28F9F596004CA34C /* Base */,
			);
			name = Main.storyboard;
			sourceTree = "<group>";
		};
		8DB51CFF28F9F598004CA34C /* LaunchScreen.storyboard */ = {
			isa = PBXVariantGroup;
			children = (
				8DB51D0028F9F598004CA34C /* Base */,
			);
			name = LaunchScreen.storyboard;
			sourceTree = "<group>";
		};
/* End PBXVariantGroup section */

/* Begin XCBuildConfiguration section */
		8DB51D0328F9F598004CA34C /* Debug */ = {
			isa = XCBuildConfiguration;
			buildSettings = {
				ALWAYS_SEARCH_USER_PATHS = NO;
				CLANG_ANALYZER_NONNULL = YES;
				CLANG_ANALYZER_NUMBER_OBJECT_CONVERSION = YES_AGGRESSIVE;
				CLANG_CXX_LANGUAGE_STANDARD = "gnu++20";
				CLANG_ENABLE_MODULES = YES;
				CLANG_ENABLE_OBJC_ARC = YES;
				CLANG_ENABLE_OBJC_WEAK = YES;
				CLANG_WARN_BLOCK_CAPTURE_AUTORELEASING = YES;
				CLANG_WARN_BOOL_CONVERSION = YES;
				CLANG_WARN_COMMA = YES;
				CLANG_WARN_CONSTANT_CONVERSION = YES;
				CLANG_WARN_DEPRECATED_OBJC_IMPLEMENTATIONS = YES;
				CLANG_WARN_DIRECT_OBJC_ISA_USAGE = YES_ERROR;
				CLANG_WARN_DOCUMENTATION_COMMENTS = YES;
				CLANG_WARN_EMPTY_BODY = YES;
				CLANG_WARN_ENUM_CONVERSION = YES;
				CLANG_WARN_INFINITE_RECURSION = YES;
				CLANG_WARN_INT_CONVERSION = YES;
				CLANG_WARN_NON_LITERAL_NULL_CONVERSION = YES;
				CLANG_WARN_OBJC_IMPLICIT_RETAIN_SELF = YES;
				CLANG_WARN_OBJC_LITERAL_CONVERSION = YES;
				CLANG_WARN_OBJC_ROOT_CLASS = YES_ERROR;
				CLANG_WARN_QUOTED_INCLUDE_IN_FRAMEWORK_HEADER = YES;
				CLANG_WARN_RANGE_LOOP_ANALYSIS = YES;
				CLANG_WARN_STRICT_PROTOTYPES = YES;
				CLANG_WARN_SUSPICIOUS_MOVE = YES;
				CLANG_WARN_UNGUARDED_AVAILABILITY = YES_AGGRESSIVE;
				CLANG_WARN_UNREACHABLE_CODE = YES;
				CLANG_WARN__DUPLICATE_METHOD_MATCH = YES;
				COPY_PHASE_STRIP = NO;
				DEBUG_INFORMATION_FORMAT = dwarf;
				ENABLE_STRICT_OBJC_MSGSEND = YES;
				ENABLE_TESTABILITY = YES;
				GCC_C_LANGUAGE_STANDARD = gnu11;
				GCC_DYNAMIC_NO_PIC = NO;
				GCC_NO_COMMON_BLOCKS = YES;
				GCC_OPTIMIZATION_LEVEL = 0;
				GCC_PREPROCESSOR_DEFINITIONS = (
					"DEBUG=1",
					"$(inherited)",
				);
				GCC_WARN_64_TO_32_BIT_CONVERSION = YES;
				GCC_WARN_ABOUT_RETURN_TYPE = YES_ERROR;
				GCC_WARN_UNDECLARED_SELECTOR = YES;
				GCC_WARN_UNINITIALIZED_AUTOS = YES_AGGRESSIVE;
				GCC_WARN_UNUSED_FUNCTION = YES;
				GCC_WARN_UNUSED_VARIABLE = YES;
				IPHONEOS_DEPLOYMENT_TARGET = 16.0;
				MTL_ENABLE_DEBUG_INFO = INCLUDE_SOURCE;
				MTL_FAST_MATH = YES;
				ONLY_ACTIVE_ARCH = YES;
				SDKROOT = iphoneos;
				SWIFT_ACTIVE_COMPILATION_CONDITIONS = DEBUG;
				SWIFT_OPTIMIZATION_LEVEL = "-Onone";
			};
			name = Debug;
		};
		8DB51D0428F9F598004CA34C /* Release */ = {
			isa = XCBuildConfiguration;
			buildSettings = {
				ALWAYS_SEARCH_USER_PATHS = NO;
				CLANG_ANALYZER_NONNULL = YES;
				CLANG_ANALYZER_NUMBER_OBJECT_CONVERSION = YES_AGGRESSIVE;
				CLANG_CXX_LANGUAGE_STANDARD = "gnu++20";
				CLANG_ENABLE_MODULES = YES;
				CLANG_ENABLE_OBJC_ARC = YES;
				CLANG_ENABLE_OBJC_WEAK = YES;
				CLANG_WARN_BLOCK_CAPTURE_AUTORELEASING = YES;
				CLANG_WARN_BOOL_CONVERSION = YES;
				CLANG_WARN_COMMA = YES;
				CLANG_WARN_CONSTANT_CONVERSION = YES;
				CLANG_WARN_DEPRECATED_OBJC_IMPLEMENTATIONS = YES;
				CLANG_WARN_DIRECT_OBJC_ISA_USAGE = YES_ERROR;
				CLANG_WARN_DOCUMENTATION_COMMENTS = YES;
				CLANG_WARN_EMPTY_BODY = YES;
				CLANG_WARN_ENUM_CONVERSION = YES;
				CLANG_WARN_INFINITE_RECURSION = YES;
				CLANG_WARN_INT_CONVERSION = YES;
				CLANG_WARN_NON_LITERAL_NULL_CONVERSION = YES;
				CLANG_WARN_OBJC_IMPLICIT_RETAIN_SELF = YES;
				CLANG_WARN_OBJC_LITERAL_CONVERSION = YES;
				CLANG_WARN_OBJC_ROOT_CLASS = YES_ERROR;
				CLANG_WARN_QUOTED_INCLUDE_IN_FRAMEWORK_HEADER = YES;
				CLANG_WARN_RANGE_LOOP_ANALYSIS = YES;
				CLANG_WARN_STRICT_PROTOTYPES = YES;
				CLANG_WARN_SUSPICIOUS_MOVE = YES;
				CLANG_WARN_UNGUARDED_AVAILABILITY = YES_AGGRESSIVE;
				CLANG_WARN_UNREACHABLE_CODE = YES;
				CLANG_WARN__DUPLICATE_METHOD_MATCH = YES;
				COPY_PHASE_STRIP = NO;
				DEBUG_INFORMATION_FORMAT = "dwarf-with-dsym";
				ENABLE_NS_ASSERTIONS = NO;
				ENABLE_STRICT_OBJC_MSGSEND = YES;
				GCC_C_LANGUAGE_STANDARD = gnu11;
				GCC_NO_COMMON_BLOCKS = YES;
				GCC_WARN_64_TO_32_BIT_CONVERSION = YES;
				GCC_WARN_ABOUT_RETURN_TYPE = YES_ERROR;
				GCC_WARN_UNDECLARED_SELECTOR = YES;
				GCC_WARN_UNINITIALIZED_AUTOS = YES_AGGRESSIVE;
				GCC_WARN_UNUSED_FUNCTION = YES;
				GCC_WARN_UNUSED_VARIABLE = YES;
				IPHONEOS_DEPLOYMENT_TARGET = 16.0;
				MTL_ENABLE_DEBUG_INFO = NO;
				MTL_FAST_MATH = YES;
				SDKROOT = iphoneos;
				SWIFT_COMPILATION_MODE = wholemodule;
				SWIFT_OPTIMIZATION_LEVEL = "-O";
				VALIDATE_PRODUCT = YES;
			};
			name = Release;
		};
		8DB51D0628F9F598004CA34C /* Debug */ = {
			isa = XCBuildConfiguration;
			buildSettings = {
				ASSETCATALOG_COMPILER_APPICON_NAME = AppIcon;
				ASSETCATALOG_COMPILER_GLOBAL_ACCENT_COLOR_NAME = AccentColor;
				CODE_SIGN_STYLE = Automatic;
				CURRENT_PROJECT_VERSION = 1;
				GENERATE_INFOPLIST_FILE = YES;
				INFOPLIST_FILE = "Diabetes Control/Info.plist";
				INFOPLIST_KEY_UIApplicationSupportsIndirectInputEvents = YES;
				INFOPLIST_KEY_UILaunchStoryboardName = LaunchScreen;
				INFOPLIST_KEY_UISupportedInterfaceOrientations_iPad = "UIInterfaceOrientationPortrait UIInterfaceOrientationPortraitUpsideDown UIInterfaceOrientationLandscapeLeft UIInterfaceOrientationLandscapeRight";
				INFOPLIST_KEY_UISupportedInterfaceOrientations_iPhone = "UIInterfaceOrientationPortrait UIInterfaceOrientationLandscapeLeft UIInterfaceOrientationLandscapeRight";
				LD_RUNPATH_SEARCH_PATHS = (
					"$(inherited)",
					"@executable_path/Frameworks",
				);
				MARKETING_VERSION = 1.0;
				PRODUCT_BUNDLE_IDENTIFIER = "hiago.com.diabetes.Diabetes-Control";
				PRODUCT_NAME = "$(TARGET_NAME)";
				SWIFT_EMIT_LOC_STRINGS = YES;
				SWIFT_VERSION = 5.0;
				TARGETED_DEVICE_FAMILY = "1,2";
			};
			name = Debug;
		};
		8DB51D0728F9F598004CA34C /* Release */ = {
			isa = XCBuildConfiguration;
			buildSettings = {
				ASSETCATALOG_COMPILER_APPICON_NAME = AppIcon;
				ASSETCATALOG_COMPILER_GLOBAL_ACCENT_COLOR_NAME = AccentColor;
				CODE_SIGN_STYLE = Automatic;
				CURRENT_PROJECT_VERSION = 1;
				GENERATE_INFOPLIST_FILE = YES;
				INFOPLIST_FILE = "Diabetes Control/Info.plist";
				INFOPLIST_KEY_UIApplicationSupportsIndirectInputEvents = YES;
				INFOPLIST_KEY_UILaunchStoryboardName = LaunchScreen;
				INFOPLIST_KEY_UISupportedInterfaceOrientations_iPad = "UIInterfaceOrientationPortrait UIInterfaceOrientationPortraitUpsideDown UIInterfaceOrientationLandscapeLeft UIInterfaceOrientationLandscapeRight";
				INFOPLIST_KEY_UISupportedInterfaceOrientations_iPhone = "UIInterfaceOrientationPortrait UIInterfaceOrientationLandscapeLeft UIInterfaceOrientationLandscapeRight";
				LD_RUNPATH_SEARCH_PATHS = (
					"$(inherited)",
					"@executable_path/Frameworks",
				);
				MARKETING_VERSION = 1.0;
				PRODUCT_BUNDLE_IDENTIFIER = "hiago.com.diabetes.Diabetes-Control";
				PRODUCT_NAME = "$(TARGET_NAME)";
				SWIFT_EMIT_LOC_STRINGS = YES;
				SWIFT_VERSION = 5.0;
				TARGETED_DEVICE_FAMILY = "1,2";
			};
			name = Release;
		};
/* End XCBuildConfiguration section */

/* Begin XCConfigurationList section */
		8DB51CEC28F9F596004CA34C /* Build configuration list for PBXProject "Diabetes Control" */ = {
			isa = XCConfigurationList;
			buildConfigurations = (
				8DB51D0328F9F598004CA34C /* Debug */,
				8DB51D0428F9F598004CA34C /* Release */,
			);
			defaultConfigurationIsVisible = 0;
			defaultConfigurationName = Release;
		};
		8DB51D0528F9F598004CA34C /* Build configuration list for PBXNativeTarget "Diabetes Control" */ = {
			isa = XCConfigurationList;
			buildConfigurations = (
				8DB51D0628F9F598004CA34C /* Debug */,
				8DB51D0728F9F598004CA34C /* Release */,
			);
			defaultConfigurationIsVisible = 0;
			defaultConfigurationName = Release;
		};
/* End XCConfigurationList section */

/* Begin XCRemoteSwiftPackageReference section */
		F3CFBBF92916BAED00F15E47 /* XCRemoteSwiftPackageReference "Alamofire" */ = {
			isa = XCRemoteSwiftPackageReference;
			repositoryURL = "https://github.com/Alamofire/Alamofire.git";
			requirement = {
				kind = upToNextMajorVersion;
				minimumVersion = 5.0.0;
			};
		};
/* End XCRemoteSwiftPackageReference section */

/* Begin XCSwiftPackageProductDependency section */
		F3CFBBFA2916BAED00F15E47 /* Alamofire */ = {
			isa = XCSwiftPackageProductDependency;
			package = F3CFBBF92916BAED00F15E47 /* XCRemoteSwiftPackageReference "Alamofire" */;
			productName = Alamofire;
		};
/* End XCSwiftPackageProductDependency section */

/* Begin XCVersionGroup section */
		F32893932906ABB100EA00CA /* EventModel.xcdatamodeld */ = {
			isa = XCVersionGroup;
			children = (
				F32893942906ABB100EA00CA /* EventModel.xcdatamodel */,
			);
			currentVersion = F32893942906ABB100EA00CA /* EventModel.xcdatamodel */;
			path = EventModel.xcdatamodeld;
			sourceTree = "<group>";
			versionGroupType = wrapper.xcdatamodel;
		};
/* End XCVersionGroup section */
	};
	rootObject = 8DB51CE928F9F596004CA34C /* Project object */;
}
